
Microsoft Visual Studio Solution File, Format Version 12.00
# Visual Studio 15
VisualStudioVersion = 15.0.27130.2027
MinimumVisualStudioVersion = 10.0.40219.1
Project("{FAE04EC0-301F-11D3-BF4B-00C04F79EFBC}") = "Anagrams", "Anagrams\Anagrams.csproj", "{28E5158E-D4EF-49DE-A1CC-03FA9FA4F7DA}"
EndProject
Project("{9A19103F-16F7-4668-BE54-9A1E7A4F7556}") = "Anagrams.Interfaces", "Anagrams.Interfaces\Anagrams.Interfaces.csproj", "{38789E0A-BF29-427B-B930-9750D7BB9FFA}"
EndProject
Project("{9A19103F-16F7-4668-BE54-9A1E7A4F7556}") = "Anagrams.Repositories", "Anagrams.Repositories\Anagrams.Repositories.csproj", "{54153CFF-50C1-4B1B-B627-BABED0E6FC50}"
EndProject
Project("{9A19103F-16F7-4668-BE54-9A1E7A4F7556}") = "Services", "Services\Services.csproj", "{38FB9CE8-ABAF-47EC-B492-E736AE6C3C45}"
EndProject
Project("{FAE04EC0-301F-11D3-BF4B-00C04F79EFBC}") = "Anagrams.Tests", "Anagrams.Tests\Anagrams.Tests.csproj", "{4AB94957-D9E1-46D3-A673-3B75E2E3DE3F}"
EndProject
Project("{FAE04EC0-301F-11D3-BF4B-00C04F79EFBC}") = "Web", "Anagrams.WEB\Web\Web.csproj", "{F1F6B7DC-9664-48A2-AF2B-941AF0D25E13}"
	ProjectSection(ProjectDependencies) = postProject
		{38789E0A-BF29-427B-B930-9750D7BB9FFA} = {38789E0A-BF29-427B-B930-9750D7BB9FFA}
		{4AB94957-D9E1-46D3-A673-3B75E2E3DE3F} = {4AB94957-D9E1-46D3-A673-3B75E2E3DE3F}
		{38FB9CE8-ABAF-47EC-B492-E736AE6C3C45} = {38FB9CE8-ABAF-47EC-B492-E736AE6C3C45}
		{54153CFF-50C1-4B1B-B627-BABED0E6FC50} = {54153CFF-50C1-4B1B-B627-BABED0E6FC50}
	EndProjectSection
EndProject
Global
	GlobalSection(SolutionConfigurationPlatforms) = preSolution
		Debug|Any CPU = Debug|Any CPU
		Debug|ARM = Debug|ARM
		Debug|x64 = Debug|x64
		Debug|x86 = Debug|x86
		Release|Any CPU = Release|Any CPU
		Release|ARM = Release|ARM
		Release|x64 = Release|x64
		Release|x86 = Release|x86
	EndGlobalSection
	GlobalSection(ProjectConfigurationPlatforms) = postSolution
		{28E5158E-D4EF-49DE-A1CC-03FA9FA4F7DA}.Debug|Any CPU.ActiveCfg = Debug|Any CPU
		{28E5158E-D4EF-49DE-A1CC-03FA9FA4F7DA}.Debug|Any CPU.Build.0 = Debug|Any CPU
		{28E5158E-D4EF-49DE-A1CC-03FA9FA4F7DA}.Debug|ARM.ActiveCfg = Debug|Any CPU
		{28E5158E-D4EF-49DE-A1CC-03FA9FA4F7DA}.Debug|ARM.Build.0 = Debug|Any CPU
		{28E5158E-D4EF-49DE-A1CC-03FA9FA4F7DA}.Debug|x64.ActiveCfg = Debug|Any CPU
		{28E5158E-D4EF-49DE-A1CC-03FA9FA4F7DA}.Debug|x64.Build.0 = Debug|Any CPU
		{28E5158E-D4EF-49DE-A1CC-03FA9FA4F7DA}.Debug|x86.ActiveCfg = Debug|Any CPU
		{28E5158E-D4EF-49DE-A1CC-03FA9FA4F7DA}.Debug|x86.Build.0 = Debug|Any CPU
		{28E5158E-D4EF-49DE-A1CC-03FA9FA4F7DA}.Release|Any CPU.ActiveCfg = Release|Any CPU
		{28E5158E-D4EF-49DE-A1CC-03FA9FA4F7DA}.Release|Any CPU.Build.0 = Release|Any CPU
		{28E5158E-D4EF-49DE-A1CC-03FA9FA4F7DA}.Release|ARM.ActiveCfg = Release|Any CPU
		{28E5158E-D4EF-49DE-A1CC-03FA9FA4F7DA}.Release|ARM.Build.0 = Release|Any CPU
		{28E5158E-D4EF-49DE-A1CC-03FA9FA4F7DA}.Release|x64.ActiveCfg = Release|Any CPU
		{28E5158E-D4EF-49DE-A1CC-03FA9FA4F7DA}.Release|x64.Build.0 = Release|Any CPU
		{28E5158E-D4EF-49DE-A1CC-03FA9FA4F7DA}.Release|x86.ActiveCfg = Release|Any CPU
		{28E5158E-D4EF-49DE-A1CC-03FA9FA4F7DA}.Release|x86.Build.0 = Release|Any CPU
		{38789E0A-BF29-427B-B930-9750D7BB9FFA}.Debug|Any CPU.ActiveCfg = Debug|Any CPU
		{38789E0A-BF29-427B-B930-9750D7BB9FFA}.Debug|Any CPU.Build.0 = Debug|Any CPU
		{38789E0A-BF29-427B-B930-9750D7BB9FFA}.Debug|ARM.ActiveCfg = Debug|Any CPU
		{38789E0A-BF29-427B-B930-9750D7BB9FFA}.Debug|ARM.Build.0 = Debug|Any CPU
		{38789E0A-BF29-427B-B930-9750D7BB9FFA}.Debug|x64.ActiveCfg = Debug|Any CPU
		{38789E0A-BF29-427B-B930-9750D7BB9FFA}.Debug|x64.Build.0 = Debug|Any CPU
		{38789E0A-BF29-427B-B930-9750D7BB9FFA}.Debug|x86.ActiveCfg = Debug|Any CPU
		{38789E0A-BF29-427B-B930-9750D7BB9FFA}.Debug|x86.Build.0 = Debug|Any CPU
		{38789E0A-BF29-427B-B930-9750D7BB9FFA}.Release|Any CPU.ActiveCfg = Release|Any CPU
		{38789E0A-BF29-427B-B930-9750D7BB9FFA}.Release|Any CPU.Build.0 = Release|Any CPU
		{38789E0A-BF29-427B-B930-9750D7BB9FFA}.Release|ARM.ActiveCfg = Release|Any CPU
		{38789E0A-BF29-427B-B930-9750D7BB9FFA}.Release|ARM.Build.0 = Release|Any CPU
		{38789E0A-BF29-427B-B930-9750D7BB9FFA}.Release|x64.ActiveCfg = Release|Any CPU
		{38789E0A-BF29-427B-B930-9750D7BB9FFA}.Release|x64.Build.0 = Release|Any CPU
		{38789E0A-BF29-427B-B930-9750D7BB9FFA}.Release|x86.ActiveCfg = Release|Any CPU
		{38789E0A-BF29-427B-B930-9750D7BB9FFA}.Release|x86.Build.0 = Release|Any CPU
		{54153CFF-50C1-4B1B-B627-BABED0E6FC50}.Debug|Any CPU.ActiveCfg = Debug|Any CPU
		{54153CFF-50C1-4B1B-B627-BABED0E6FC50}.Debug|Any CPU.Build.0 = Debug|Any CPU
		{54153CFF-50C1-4B1B-B627-BABED0E6FC50}.Debug|ARM.ActiveCfg = Debug|Any CPU
		{54153CFF-50C1-4B1B-B627-BABED0E6FC50}.Debug|ARM.Build.0 = Debug|Any CPU
		{54153CFF-50C1-4B1B-B627-BABED0E6FC50}.Debug|x64.ActiveCfg = Debug|Any CPU
		{54153CFF-50C1-4B1B-B627-BABED0E6FC50}.Debug|x64.Build.0 = Debug|Any CPU
		{54153CFF-50C1-4B1B-B627-BABED0E6FC50}.Debug|x86.ActiveCfg = Debug|Any CPU
		{54153CFF-50C1-4B1B-B627-BABED0E6FC50}.Debug|x86.Build.0 = Debug|Any CPU
		{54153CFF-50C1-4B1B-B627-BABED0E6FC50}.Release|Any CPU.ActiveCfg = Release|Any CPU
		{54153CFF-50C1-4B1B-B627-BABED0E6FC50}.Release|Any CPU.Build.0 = Release|Any CPU
		{54153CFF-50C1-4B1B-B627-BABED0E6FC50}.Release|ARM.ActiveCfg = Release|Any CPU
		{54153CFF-50C1-4B1B-B627-BABED0E6FC50}.Release|ARM.Build.0 = Release|Any CPU
		{54153CFF-50C1-4B1B-B627-BABED0E6FC50}.Release|x64.ActiveCfg = Release|Any CPU
		{54153CFF-50C1-4B1B-B627-BABED0E6FC50}.Release|x64.Build.0 = Release|Any CPU
		{54153CFF-50C1-4B1B-B627-BABED0E6FC50}.Release|x86.ActiveCfg = Release|Any CPU
		{54153CFF-50C1-4B1B-B627-BABED0E6FC50}.Release|x86.Build.0 = Release|Any CPU
		{38FB9CE8-ABAF-47EC-B492-E736AE6C3C45}.Debug|Any CPU.ActiveCfg = Debug|Any CPU
		{38FB9CE8-ABAF-47EC-B492-E736AE6C3C45}.Debug|Any CPU.Build.0 = Debug|Any CPU
		{38FB9CE8-ABAF-47EC-B492-E736AE6C3C45}.Debug|ARM.ActiveCfg = Debug|Any CPU
		{38FB9CE8-ABAF-47EC-B492-E736AE6C3C45}.Debug|ARM.Build.0 = Debug|Any CPU
		{38FB9CE8-ABAF-47EC-B492-E736AE6C3C45}.Debug|x64.ActiveCfg = Debug|Any CPU
		{38FB9CE8-ABAF-47EC-B492-E736AE6C3C45}.Debug|x64.Build.0 = Debug|Any CPU
		{38FB9CE8-ABAF-47EC-B492-E736AE6C3C45}.Debug|x86.ActiveCfg = Debug|Any CPU
		{38FB9CE8-ABAF-47EC-B492-E736AE6C3C45}.Debug|x86.Build.0 = Debug|Any CPU
		{38FB9CE8-ABAF-47EC-B492-E736AE6C3C45}.Release|Any CPU.ActiveCfg = Release|Any CPU
		{38FB9CE8-ABAF-47EC-B492-E736AE6C3C45}.Release|Any CPU.Build.0 = Release|Any CPU
		{38FB9CE8-ABAF-47EC-B492-E736AE6C3C45}.Release|ARM.ActiveCfg = Release|Any CPU
		{38FB9CE8-ABAF-47EC-B492-E736AE6C3C45}.Release|ARM.Build.0 = Release|Any CPU
		{38FB9CE8-ABAF-47EC-B492-E736AE6C3C45}.Release|x64.ActiveCfg = Release|Any CPU
		{38FB9CE8-ABAF-47EC-B492-E736AE6C3C45}.Release|x64.Build.0 = Release|Any CPU
		{38FB9CE8-ABAF-47EC-B492-E736AE6C3C45}.Release|x86.ActiveCfg = Release|Any CPU
		{38FB9CE8-ABAF-47EC-B492-E736AE6C3C45}.Release|x86.Build.0 = Release|Any CPU
		{4AB94957-D9E1-46D3-A673-3B75E2E3DE3F}.Debug|Any CPU.ActiveCfg = Debug|Any CPU
		{4AB94957-D9E1-46D3-A673-3B75E2E3DE3F}.Debug|Any CPU.Build.0 = Debug|Any CPU
		{4AB94957-D9E1-46D3-A673-3B75E2E3DE3F}.Debug|ARM.ActiveCfg = Debug|Any CPU
		{4AB94957-D9E1-46D3-A673-3B75E2E3DE3F}.Debug|ARM.Build.0 = Debug|Any CPU
		{4AB94957-D9E1-46D3-A673-3B75E2E3DE3F}.Debug|x64.ActiveCfg = Debug|Any CPU
		{4AB94957-D9E1-46D3-A673-3B75E2E3DE3F}.Debug|x64.Build.0 = Debug|Any CPU
		{4AB94957-D9E1-46D3-A673-3B75E2E3DE3F}.Debug|x86.ActiveCfg = Debug|Any CPU
		{4AB94957-D9E1-46D3-A673-3B75E2E3DE3F}.Debug|x86.Build.0 = Debug|Any CPU
		{4AB94957-D9E1-46D3-A673-3B75E2E3DE3F}.Release|Any CPU.ActiveCfg = Release|Any CPU
		{4AB94957-D9E1-46D3-A673-3B75E2E3DE3F}.Release|Any CPU.Build.0 = Release|Any CPU
		{4AB94957-D9E1-46D3-A673-3B75E2E3DE3F}.Release|ARM.ActiveCfg = Release|Any CPU
		{4AB94957-D9E1-46D3-A673-3B75E2E3DE3F}.Release|ARM.Build.0 = Release|Any CPU
		{4AB94957-D9E1-46D3-A673-3B75E2E3DE3F}.Release|x64.ActiveCfg = Release|Any CPU
		{4AB94957-D9E1-46D3-A673-3B75E2E3DE3F}.Release|x64.Build.0 = Release|Any CPU
		{4AB94957-D9E1-46D3-A673-3B75E2E3DE3F}.Release|x86.ActiveCfg = Release|Any CPU
		{4AB94957-D9E1-46D3-A673-3B75E2E3DE3F}.Release|x86.Build.0 = Release|Any CPU
		{F1F6B7DC-9664-48A2-AF2B-941AF0D25E13}.Debug|Any CPU.ActiveCfg = Debug|Any CPU
		{F1F6B7DC-9664-48A2-AF2B-941AF0D25E13}.Debug|Any CPU.Build.0 = Debug|Any CPU
		{F1F6B7DC-9664-48A2-AF2B-941AF0D25E13}.Debug|ARM.ActiveCfg = Debug|Any CPU
		{F1F6B7DC-9664-48A2-AF2B-941AF0D25E13}.Debug|ARM.Build.0 = Debug|Any CPU
		{F1F6B7DC-9664-48A2-AF2B-941AF0D25E13}.Debug|x64.ActiveCfg = Debug|Any CPU
		{F1F6B7DC-9664-48A2-AF2B-941AF0D25E13}.Debug|x64.Build.0 = Debug|Any CPU
		{F1F6B7DC-9664-48A2-AF2B-941AF0D25E13}.Debug|x86.ActiveCfg = Debug|Any CPU
		{F1F6B7DC-9664-48A2-AF2B-941AF0D25E13}.Debug|x86.Build.0 = Debug|Any CPU
		{F1F6B7DC-9664-48A2-AF2B-941AF0D25E13}.Release|Any CPU.ActiveCfg = Release|Any CPU
		{F1F6B7DC-9664-48A2-AF2B-941AF0D25E13}.Release|Any CPU.Build.0 = Release|Any CPU
		{F1F6B7DC-9664-48A2-AF2B-941AF0D25E13}.Release|ARM.ActiveCfg = Release|Any CPU
		{F1F6B7DC-9664-48A2-AF2B-941AF0D25E13}.Release|ARM.Build.0 = Release|Any CPU
		{F1F6B7DC-9664-48A2-AF2B-941AF0D25E13}.Release|x64.ActiveCfg = Release|Any CPU
		{F1F6B7DC-9664-48A2-AF2B-941AF0D25E13}.Release|x64.Build.0 = Release|Any CPU
		{F1F6B7DC-9664-48A2-AF2B-941AF0D25E13}.Release|x86.ActiveCfg = Release|Any CPU
		{F1F6B7DC-9664-48A2-AF2B-941AF0D25E13}.Release|x86.Build.0 = Release|Any CPU
	EndGlobalSection
	GlobalSection(SolutionProperties) = preSolution
		HideSolutionNode = FALSE
	EndGlobalSection
	GlobalSection(ExtensibilityGlobals) = postSolution
		SolutionGuid = {4508D247-FBA5-4362-B91B-5275FB06BCDE}
	EndGlobalSection
EndGlobal
